
Microsoft Visual Studio Solution File, Format Version 12.00
# Visual Studio Version 16
VisualStudioVersion = 16.0.36631.11
MinimumVisualStudioVersion = 10.0.40219.1
Project("{FAE04EC0-301F-11D3-BF4B-00C04F79EFBC}") = "DntEditor_Hang", "DntEditor_Hang\DntEditor_Hang.csproj", "{C476129C-DF00-40E7-8EB2-4717A12BB1A5}"
EndProject
Global
	GlobalSection(SolutionConfigurationPlatforms) = preSolution
		Debug|Any CPU = Debug|Any CPU
		Release|Any CPU = Release|Any CPU
	EndGlobalSection
	GlobalSection(ProjectConfigurationPlatforms) = postSolution
		{C476129C-DF00-40E7-8EB2-4717A12BB1A5}.Debug|Any CPU.ActiveCfg = Debug|Any CPU
		{C476129C-DF00-40E7-8EB2-4717A12BB1A5}.Debug|Any CPU.Build.0 = Debug|Any CPU
		{C476129C-DF00-40E7-8EB2-4717A12BB1A5}.Release|Any CPU.ActiveCfg = Release|Any CPU
		{C476129C-DF00-40E7-8EB2-4717A12BB1A5}.Release|Any CPU.Build.0 = Release|Any CPU
	EndGlobalSection
	GlobalSection(SolutionProperties) = preSolution
		HideSolutionNode = FALSE
	EndGlobalSection
	GlobalSection(ExtensibilityGlobals) = postSolution
		SolutionGuid = {2FCC9154-E6E0-49BA-82E4-BB59F4345DEF}
	EndGlobalSection
EndGlobal
